
Microsoft Visual Studio Solution File, Format Version 12.00
# Visual Studio Version 17
VisualStudioVersion = 17.0.31903.59
MinimumVisualStudioVersion = 10.0.40219.1
Project("{FAE04EC0-301F-11D3-BF4B-00C04F79EFBC}") = "CustomerApi", "CustomerApi\CustomerApi.csproj", "{A250226C-5A04-40AF-8BA2-D6DC360C73AF}"
EndProject
Project("{FAE04EC0-301F-11D3-BF4B-00C04F79EFBC}") = "CustomerAdditionalInfoApi", "CustomerAdditionalInfoApi\CustomerAdditionalInfoApi.csproj", "{E5141115-FCF5-4BB5-A0F9-04F69FDF98BC}"
EndProject
Global
	GlobalSection(SolutionConfigurationPlatforms) = preSolution
		Debug|Any CPU = Debug|Any CPU
		Release|Any CPU = Release|Any CPU
	EndGlobalSection
	GlobalSection(SolutionProperties) = preSolution
		HideSolutionNode = FALSE
	EndGlobalSection
	GlobalSection(ProjectConfigurationPlatforms) = postSolution
		{A250226C-5A04-40AF-8BA2-D6DC360C73AF}.Debug|Any CPU.ActiveCfg = Debug|Any CPU
		{A250226C-5A04-40AF-8BA2-D6DC360C73AF}.Debug|Any CPU.Build.0 = Debug|Any CPU
		{A250226C-5A04-40AF-8BA2-D6DC360C73AF}.Release|Any CPU.ActiveCfg = Release|Any CPU
		{A250226C-5A04-40AF-8BA2-D6DC360C73AF}.Release|Any CPU.Build.0 = Release|Any CPU
		{E5141115-FCF5-4BB5-A0F9-04F69FDF98BC}.Debug|Any CPU.ActiveCfg = Debug|Any CPU
		{E5141115-FCF5-4BB5-A0F9-04F69FDF98BC}.Debug|Any CPU.Build.0 = Debug|Any CPU
		{E5141115-FCF5-4BB5-A0F9-04F69FDF98BC}.Release|Any CPU.ActiveCfg = Release|Any CPU
		{E5141115-FCF5-4BB5-A0F9-04F69FDF98BC}.Release|Any CPU.Build.0 = Release|Any CPU
	EndGlobalSection
EndGlobal
